{
  "name": "workspace",
  "lockfileVersion": 3,
  "requires": true,
  "packages": {
    "": {
      "dependencies": {
        "@adamchanadam/openclaw-workspace-governance": "^0.1.4"
      }
    },
    "node_modules/@adamchanadam/openclaw-workspace-governance": {
      "version": "0.1.4",
      "resolved": "https://registry.npmjs.org/@adamchanadam/openclaw-workspace-governance/-/openclaw-workspace-governance-0.1.4.tgz",
      "integrity": "sha512-IkBJS1w/0SBKbaTv2hBXr2TkC35APb9F3IXQkEWORS0JYC+VEum3wteMp5DsDaGYI1CDGyN4OXPMbrPVi40muA==",
      "license": "MIT"
    }
  }
}
